// !$*UTF8*$!
{
	archiveVersion = 1;
	classes = {
	};
	objectVersion = 50;
	objects = {

/* Begin PBXBuildFile section */
		852A16A8D7A47E6BF06A2683 /* Pods_Photo_App.framework in Frameworks */ = {isa = PBXBuildFile; fileRef = 4ED436F365751C18F6600E36 /* Pods_Photo_App.framework */; };
		F102DF8920BD843100A7989D /* AlbumModel.swift in Sources */ = {isa = PBXBuildFile; fileRef = F102DF8820BD843100A7989D /* AlbumModel.swift */; };
		F102DF9020BD857200A7989D /* Constants.swift in Sources */ = {isa = PBXBuildFile; fileRef = F102DF8F20BD857200A7989D /* Constants.swift */; };
		F102DF9320BD8E9F00A7989D /* LoadingView.swift in Sources */ = {isa = PBXBuildFile; fileRef = F102DF9220BD8E9F00A7989D /* LoadingView.swift */; };
		F102DF9520BD920800A7989D /* ViewController.swift in Sources */ = {isa = PBXBuildFile; fileRef = F16844F420BCDC6B005294FD /* ViewController.swift */; };
		F102DF9620BD920D00A7989D /* GetAlbumsViewModel.swift in Sources */ = {isa = PBXBuildFile; fileRef = F102DF8A20BD844E00A7989D /* GetAlbumsViewModel.swift */; };
		F16844F320BCDC6B005294FD /* AppDelegate.swift in Sources */ = {isa = PBXBuildFile; fileRef = F16844F220BCDC6B005294FD /* AppDelegate.swift */; };
		F16844F820BCDC6B005294FD /* Main.storyboard in Resources */ = {isa = PBXBuildFile; fileRef = F16844F620BCDC6B005294FD /* Main.storyboard */; };
		F16844FA20BCDC6F005294FD /* Assets.xcassets in Resources */ = {isa = PBXBuildFile; fileRef = F16844F920BCDC6F005294FD /* Assets.xcassets */; };
		F16844FD20BCDC6F005294FD /* LaunchScreen.storyboard in Resources */ = {isa = PBXBuildFile; fileRef = F16844FB20BCDC6F005294FD /* LaunchScreen.storyboard */; };
/* End PBXBuildFile section */

/* Begin PBXFileReference section */
		4ED436F365751C18F6600E36 /* Pods_Photo_App.framework */ = {isa = PBXFileReference; explicitFileType = wrapper.framework; includeInIndex = 0; path = Pods_Photo_App.framework; sourceTree = BUILT_PRODUCTS_DIR; };
		6E67A0D39BB13810F3D8AD04 /* Pods-Photo App.debug.xcconfig */ = {isa = PBXFileReference; includeInIndex = 1; lastKnownFileType = text.xcconfig; name = "Pods-Photo App.debug.xcconfig"; path = "Pods/Target Support Files/Pods-Photo App/Pods-Photo App.debug.xcconfig"; sourceTree = "<group>"; };
		860F74D1C84321F4B3CB33EB /* Pods-Photo App.release.xcconfig */ = {isa = PBXFileReference; includeInIndex = 1; lastKnownFileType = text.xcconfig; name = "Pods-Photo App.release.xcconfig"; path = "Pods/Target Support Files/Pods-Photo App/Pods-Photo App.release.xcconfig"; sourceTree = "<group>"; };
		F102DF8820BD843100A7989D /* AlbumModel.swift */ = {isa = PBXFileReference; lastKnownFileType = sourcecode.swift; path = AlbumModel.swift; sourceTree = "<group>"; };
		F102DF8A20BD844E00A7989D /* GetAlbumsViewModel.swift */ = {isa = PBXFileReference; lastKnownFileType = sourcecode.swift; path = GetAlbumsViewModel.swift; sourceTree = "<group>"; };
		F102DF8F20BD857200A7989D /* Constants.swift */ = {isa = PBXFileReference; lastKnownFileType = sourcecode.swift; path = Constants.swift; sourceTree = "<group>"; };
		F102DF9220BD8E9F00A7989D /* LoadingView.swift */ = {isa = PBXFileReference; lastKnownFileType = sourcecode.swift; path = LoadingView.swift; sourceTree = "<group>"; };
		F16844EF20BCDC6B005294FD /* Photo App.app */ = {isa = PBXFileReference; explicitFileType = wrapper.application; includeInIndex = 0; path = "Photo App.app"; sourceTree = BUILT_PRODUCTS_DIR; };
		F16844F220BCDC6B005294FD /* AppDelegate.swift */ = {isa = PBXFileReference; lastKnownFileType = sourcecode.swift; path = AppDelegate.swift; sourceTree = "<group>"; };
		F16844F420BCDC6B005294FD /* ViewController.swift */ = {isa = PBXFileReference; lastKnownFileType = sourcecode.swift; path = ViewController.swift; sourceTree = "<group>"; };
		F16844F720BCDC6B005294FD /* Base */ = {isa = PBXFileReference; lastKnownFileType = file.storyboard; name = Base; path = Base.lproj/Main.storyboard; sourceTree = "<group>"; };
		F16844F920BCDC6F005294FD /* Assets.xcassets */ = {isa = PBXFileReference; lastKnownFileType = folder.assetcatalog; path = Assets.xcassets; sourceTree = "<group>"; };
		F16844FC20BCDC6F005294FD /* Base */ = {isa = PBXFileReference; lastKnownFileType = file.storyboard; name = Base; path = Base.lproj/LaunchScreen.storyboard; sourceTree = "<group>"; };
		F16844FE20BCDC6F005294FD /* Info.plist */ = {isa = PBXFileReference; lastKnownFileType = text.plist.xml; path = Info.plist; sourceTree = "<group>"; };
/* End PBXFileReference section */

/* Begin PBXFrameworksBuildPhase section */
		F16844EC20BCDC6B005294FD /* Frameworks */ = {
			isa = PBXFrameworksBuildPhase;
			buildActionMask = 2147483647;
			files = (
				852A16A8D7A47E6BF06A2683 /* Pods_Photo_App.framework in Frameworks */,
			);
			runOnlyForDeploymentPostprocessing = 0;
		};
/* End PBXFrameworksBuildPhase section */

/* Begin PBXGroup section */
		57EFE76AFAE2FFFAFECF0762 /* Frameworks */ = {
			isa = PBXGroup;
			children = (
				4ED436F365751C18F6600E36 /* Pods_Photo_App.framework */,
			);
			name = Frameworks;
			sourceTree = "<group>";
		};
		5FBBDBAA5557C96DE9F641AD /* Pods */ = {
			isa = PBXGroup;
			children = (
				6E67A0D39BB13810F3D8AD04 /* Pods-Photo App.debug.xcconfig */,
				860F74D1C84321F4B3CB33EB /* Pods-Photo App.release.xcconfig */,
			);
			name = Pods;
			sourceTree = "<group>";
		};
		F102DF8C20BD854100A7989D /* Models */ = {
			isa = PBXGroup;
			children = (
				F102DF8820BD843100A7989D /* AlbumModel.swift */,
			);
			path = Models;
			sourceTree = "<group>";
		};
		F102DF8D20BD854F00A7989D /* ViewModels */ = {
			isa = PBXGroup;
			children = (
				F102DF8A20BD844E00A7989D /* GetAlbumsViewModel.swift */,
			);
			path = ViewModels;
			sourceTree = "<group>";
		};
		F102DF8E20BD855F00A7989D /* Skeletons */ = {
			isa = PBXGroup;
			children = (
				F102DF8F20BD857200A7989D /* Constants.swift */,
			);
			path = Skeletons;
			sourceTree = "<group>";
		};
		F102DF9120BD8E8C00A7989D /* Helpers */ = {
			isa = PBXGroup;
			children = (
				F102DF9220BD8E9F00A7989D /* LoadingView.swift */,
			);
			path = Helpers;
			sourceTree = "<group>";
		};
		F16844E620BCDC6B005294FD = {
			isa = PBXGroup;
			children = (
				F16844F120BCDC6B005294FD /* Photo App */,
				F16844F020BCDC6B005294FD /* Products */,
				5FBBDBAA5557C96DE9F641AD /* Pods */,
				57EFE76AFAE2FFFAFECF0762 /* Frameworks */,
			);
			sourceTree = "<group>";
		};
		F16844F020BCDC6B005294FD /* Products */ = {
			isa = PBXGroup;
			children = (
				F16844EF20BCDC6B005294FD /* Photo App.app */,
			);
			name = Products;
			sourceTree = "<group>";
		};
		F16844F120BCDC6B005294FD /* Photo App */ = {
			isa = PBXGroup;
			children = (
				F102DF9120BD8E8C00A7989D /* Helpers */,
				F102DF8E20BD855F00A7989D /* Skeletons */,
				F102DF8D20BD854F00A7989D /* ViewModels */,
				F102DF8C20BD854100A7989D /* Models */,
				F16844F220BCDC6B005294FD /* AppDelegate.swift */,
				F16844F420BCDC6B005294FD /* ViewController.swift */,
				F16844F620BCDC6B005294FD /* Main.storyboard */,
				F16844F920BCDC6F005294FD /* Assets.xcassets */,
				F16844FB20BCDC6F005294FD /* LaunchScreen.storyboard */,
				F16844FE20BCDC6F005294FD /* Info.plist */,
			);
			path = "Photo App";
			sourceTree = "<group>";
		};
/* End PBXGroup section */

/* Begin PBXNativeTarget section */
		F16844EE20BCDC6B005294FD /* Photo App */ = {
			isa = PBXNativeTarget;
			buildConfigurationList = F168450120BCDC6F005294FD /* Build configuration list for PBXNativeTarget "Photo App" */;
			buildPhases = (
				0B4FFBEA1F6324C8829C6A5E /* [CP] Check Pods Manifest.lock */,
				F16844EB20BCDC6B005294FD /* Sources */,
				F16844EC20BCDC6B005294FD /* Frameworks */,
				F16844ED20BCDC6B005294FD /* Resources */,
				F1561C1FB6322A781173C9B4 /* [CP] Embed Pods Frameworks */,
			);
			buildRules = (
			);
			dependencies = (
			);
			name = "Photo App";
			productName = "Photo App";
			productReference = F16844EF20BCDC6B005294FD /* Photo App.app */;
			productType = "com.apple.product-type.application";
		};
/* End PBXNativeTarget section */

/* Begin PBXProject section */
		F16844E720BCDC6B005294FD /* Project object */ = {
			isa = PBXProject;
			attributes = {
				LastSwiftUpdateCheck = 0930;
				LastUpgradeCheck = 0930;
				ORGANIZATIONNAME = "Mohamed Hamed";
				TargetAttributes = {
					F16844EE20BCDC6B005294FD = {
						CreatedOnToolsVersion = 9.3.1;
					};
				};
			};
			buildConfigurationList = F16844EA20BCDC6B005294FD /* Build configuration list for PBXProject "Photo App" */;
			compatibilityVersion = "Xcode 9.3";
			developmentRegion = en;
			hasScannedForEncodings = 0;
			knownRegions = (
				en,
				Base,
			);
			mainGroup = F16844E620BCDC6B005294FD;
			productRefGroup = F16844F020BCDC6B005294FD /* Products */;
			projectDirPath = "";
			projectRoot = "";
			targets = (
				F16844EE20BCDC6B005294FD /* Photo App */,
			);
		};
/* End PBXProject section */

/* Begin PBXResourcesBuildPhase section */
		F16844ED20BCDC6B005294FD /* Resources */ = {
			isa = PBXResourcesBuildPhase;
			buildActionMask = 2147483647;
			files = (
				F16844FD20BCDC6F005294FD /* LaunchScreen.storyboard in Resources */,
				F16844FA20BCDC6F005294FD /* Assets.xcassets in Resources */,
				F16844F820BCDC6B005294FD /* Main.storyboard in Resources */,
			);
			runOnlyForDeploymentPostprocessing = 0;
		};
/* End PBXResourcesBuildPhase section */

/* Begin PBXShellScriptBuildPhase section */
		0B4FFBEA1F6324C8829C6A5E /* [CP] Check Pods Manifest.lock */ = {
			isa = PBXShellScriptBuildPhase;
			buildActionMask = 2147483647;
			files = (
			);
			inputPaths = (
				"${PODS_PODFILE_DIR_PATH}/Podfile.lock",
				"${PODS_ROOT}/Manifest.lock",
			);
			name = "[CP] Check Pods Manifest.lock";
			outputPaths = (
				"$(DERIVED_FILE_DIR)/Pods-Photo App-checkManifestLockResult.txt",
			);
			runOnlyForDeploymentPostprocessing = 0;
			shellPath = /bin/sh;
			shellScript = "diff \"${PODS_PODFILE_DIR_PATH}/Podfile.lock\" \"${PODS_ROOT}/Manifest.lock\" > /dev/null\nif [ $? != 0 ] ; then\n    # print error to STDERR\n    echo \"error: The sandbox is not in sync with the Podfile.lock. Run 'pod install' or update your CocoaPods installation.\" >&2\n    exit 1\nfi\n# This output is used by Xcode 'outputs' to avoid re-running this script phase.\necho \"SUCCESS\" > \"${SCRIPT_OUTPUT_FILE_0}\"\n";
			showEnvVarsInLog = 0;
		};
		F1561C1FB6322A781173C9B4 /* [CP] Embed Pods Frameworks */ = {
			isa = PBXShellScriptBuildPhase;
			buildActionMask = 2147483647;
			files = (
			);
			inputPaths = (
				"${SRCROOT}/Pods/Target Support Files/Pods-Photo App/Pods-Photo App-frameworks.sh",
				"${BUILT_PRODUCTS_DIR}/Alamofire/Alamofire.framework",
				"${BUILT_PRODUCTS_DIR}/AlamofireObjectMapper/AlamofireObjectMapper.framework",
				"${BUILT_PRODUCTS_DIR}/NVActivityIndicatorView/NVActivityIndicatorView.framework",
				"${BUILT_PRODUCTS_DIR}/ObjectMapper/ObjectMapper.framework",
			);
			name = "[CP] Embed Pods Frameworks";
			outputPaths = (
				"${TARGET_BUILD_DIR}/${FRAMEWORKS_FOLDER_PATH}/Alamofire.framework",
				"${TARGET_BUILD_DIR}/${FRAMEWORKS_FOLDER_PATH}/AlamofireObjectMapper.framework",
				"${TARGET_BUILD_DIR}/${FRAMEWORKS_FOLDER_PATH}/NVActivityIndicatorView.framework",
				"${TARGET_BUILD_DIR}/${FRAMEWORKS_FOLDER_PATH}/ObjectMapper.framework",
			);
			runOnlyForDeploymentPostprocessing = 0;
			shellPath = /bin/sh;
			shellScript = "\"${SRCROOT}/Pods/Target Support Files/Pods-Photo App/Pods-Photo App-frameworks.sh\"\n";
			showEnvVarsInLog = 0;
		};
/* End PBXShellScriptBuildPhase section */

/* Begin PBXSourcesBuildPhase section */
		F16844EB20BCDC6B005294FD /* Sources */ = {
			isa = PBXSourcesBuildPhase;
			buildActionMask = 2147483647;
			files = (
				F102DF9520BD920800A7989D /* ViewController.swift in Sources */,
				F102DF9020BD857200A7989D /* Constants.swift in Sources */,
				F102DF8920BD843100A7989D /* AlbumModel.swift in Sources */,
				F102DF9620BD920D00A7989D /* GetAlbumsViewModel.swift in Sources */,
				F16844F320BCDC6B005294FD /* AppDelegate.swift in Sources */,
				F102DF9320BD8E9F00A7989D /* LoadingView.swift in Sources */,
			);
			runOnlyForDeploymentPostprocessing = 0;
		};
/* End PBXSourcesBuildPhase section */

/* Begin PBXVariantGroup section */
		F16844F620BCDC6B005294FD /* Main.storyboard */ = {
			isa = PBXVariantGroup;
			children = (
				F16844F720BCDC6B005294FD /* Base */,
			);
			name = Main.storyboard;
			sourceTree = "<group>";
		};
		F16844FB20BCDC6F005294FD /* LaunchScreen.storyboard */ = {
			isa = PBXVariantGroup;
			children = (
				F16844FC20BCDC6F005294FD /* Base */,
			);
			name = LaunchScreen.storyboard;
			sourceTree = "<group>";
		};
/* End PBXVariantGroup section */

/* Begin XCBuildConfiguration section */
		F16844FF20BCDC6F005294FD /* Debug */ = {
			isa = XCBuildConfiguration;
			buildSettings = {
				ALWAYS_SEARCH_USER_PATHS = NO;
				CLANG_ANALYZER_NONNULL = YES;
				CLANG_ANALYZER_NUMBER_OBJECT_CONVERSION = YES_AGGRESSIVE;
				CLANG_CXX_LANGUAGE_STANDARD = "gnu++14";
				CLANG_CXX_LIBRARY = "libc++";
				CLANG_ENABLE_MODULES = YES;
				CLANG_ENABLE_OBJC_ARC = YES;
				CLANG_ENABLE_OBJC_WEAK = YES;
				CLANG_WARN_BLOCK_CAPTURE_AUTORELEASING = YES;
				CLANG_WARN_BOOL_CONVERSION = YES;
				CLANG_WARN_COMMA = YES;
				CLANG_WARN_CONSTANT_CONVERSION = YES;
				CLANG_WARN_DEPRECATED_OBJC_IMPLEMENTATIONS = YES;
				CLANG_WARN_DIRECT_OBJC_ISA_USAGE = YES_ERROR;
				CLANG_WARN_DOCUMENTATION_COMMENTS = YES;
				CLANG_WARN_EMPTY_BODY = YES;
				CLANG_WARN_ENUM_CONVERSION = YES;
				CLANG_WARN_INFINITE_RECURSION = YES;
				CLANG_WARN_INT_CONVERSION = YES;
				CLANG_WARN_NON_LITERAL_NULL_CONVERSION = YES;
				CLANG_WARN_OBJC_IMPLICIT_RETAIN_SELF = YES;
				CLANG_WARN_OBJC_LITERAL_CONVERSION = YES;
				CLANG_WARN_OBJC_ROOT_CLASS = YES_ERROR;
				CLANG_WARN_RANGE_LOOP_ANALYSIS = YES;
				CLANG_WARN_STRICT_PROTOTYPES = YES;
				CLANG_WARN_SUSPICIOUS_MOVE = YES;
				CLANG_WARN_UNGUARDED_AVAILABILITY = YES_AGGRESSIVE;
				CLANG_WARN_UNREACHABLE_CODE = YES;
				CLANG_WARN__DUPLICATE_METHOD_MATCH = YES;
				CODE_SIGN_IDENTITY = "iPhone Developer";
				COPY_PHASE_STRIP = NO;
				DEBUG_INFORMATION_FORMAT = dwarf;
				ENABLE_STRICT_OBJC_MSGSEND = YES;
				ENABLE_TESTABILITY = YES;
				GCC_C_LANGUAGE_STANDARD = gnu11;
				GCC_DYNAMIC_NO_PIC = NO;
				GCC_NO_COMMON_BLOCKS = YES;
				GCC_OPTIMIZATION_LEVEL = 0;
				GCC_PREPROCESSOR_DEFINITIONS = (
					"DEBUG=1",
					"$(inherited)",
				);
				GCC_WARN_64_TO_32_BIT_CONVERSION = YES;
				GCC_WARN_ABOUT_RETURN_TYPE = YES_ERROR;
				GCC_WARN_UNDECLARED_SELECTOR = YES;
				GCC_WARN_UNINITIALIZED_AUTOS = YES_AGGRESSIVE;
				GCC_WARN_UNUSED_FUNCTION = YES;
				GCC_WARN_UNUSED_VARIABLE = YES;
				IPHONEOS_DEPLOYMENT_TARGET = 11.3;
				MTL_ENABLE_DEBUG_INFO = YES;
				ONLY_ACTIVE_ARCH = YES;
				SDKROOT = iphoneos;
				SWIFT_ACTIVE_COMPILATION_CONDITIONS = DEBUG;
				SWIFT_OPTIMIZATION_LEVEL = "-Onone";
			};
			name = Debug;
		};
		F168450020BCDC6F005294FD /* Release */ = {
			isa = XCBuildConfiguration;
			buildSettings = {
				ALWAYS_SEARCH_USER_PATHS = NO;
				CLANG_ANALYZER_NONNULL = YES;
				CLANG_ANALYZER_NUMBER_OBJECT_CONVERSION = YES_AGGRESSIVE;
				CLANG_CXX_LANGUAGE_STANDARD = "gnu++14";
				CLANG_CXX_LIBRARY = "libc++";
				CLANG_ENABLE_MODULES = YES;
				CLANG_ENABLE_OBJC_ARC = YES;
				CLANG_ENABLE_OBJC_WEAK = YES;
				CLANG_WARN_BLOCK_CAPTURE_AUTORELEASING = YES;
				CLANG_WARN_BOOL_CONVERSION = YES;
				CLANG_WARN_COMMA = YES;
				CLANG_WARN_CONSTANT_CONVERSION = YES;
				CLANG_WARN_DEPRECATED_OBJC_IMPLEMENTATIONS = YES;
				CLANG_WARN_DIRECT_OBJC_ISA_USAGE = YES_ERROR;
				CLANG_WARN_DOCUMENTATION_COMMENTS = YES;
				CLANG_WARN_EMPTY_BODY = YES;
				CLANG_WARN_ENUM_CONVERSION = YES;
				CLANG_WARN_INFINITE_RECURSION = YES;
				CLANG_WARN_INT_CONVERSION = YES;
				CLANG_WARN_NON_LITERAL_NULL_CONVERSION = YES;
				CLANG_WARN_OBJC_IMPLICIT_RETAIN_SELF = YES;
				CLANG_WARN_OBJC_LITERAL_CONVERSION = YES;
				CLANG_WARN_OBJC_ROOT_CLASS = YES_ERROR;
				CLANG_WARN_RANGE_LOOP_ANALYSIS = YES;
				CLANG_WARN_STRICT_PROTOTYPES = YES;
				CLANG_WARN_SUSPICIOUS_MOVE = YES;
				CLANG_WARN_UNGUARDED_AVAILABILITY = YES_AGGRESSIVE;
				CLANG_WARN_UNREACHABLE_CODE = YES;
				CLANG_WARN__DUPLICATE_METHOD_MATCH = YES;
				CODE_SIGN_IDENTITY = "iPhone Developer";
				COPY_PHASE_STRIP = NO;
				DEBUG_INFORMATION_FORMAT = "dwarf-with-dsym";
				ENABLE_NS_ASSERTIONS = NO;
				ENABLE_STRICT_OBJC_MSGSEND = YES;
				GCC_C_LANGUAGE_STANDARD = gnu11;
				GCC_NO_COMMON_BLOCKS = YES;
				GCC_WARN_64_TO_32_BIT_CONVERSION = YES;
				GCC_WARN_ABOUT_RETURN_TYPE = YES_ERROR;
				GCC_WARN_UNDECLARED_SELECTOR = YES;
				GCC_WARN_UNINITIALIZED_AUTOS = YES_AGGRESSIVE;
				GCC_WARN_UNUSED_FUNCTION = YES;
				GCC_WARN_UNUSED_VARIABLE = YES;
				IPHONEOS_DEPLOYMENT_TARGET = 11.3;
				MTL_ENABLE_DEBUG_INFO = NO;
				SDKROOT = iphoneos;
				SWIFT_COMPILATION_MODE = wholemodule;
				SWIFT_OPTIMIZATION_LEVEL = "-O";
				VALIDATE_PRODUCT = YES;
			};
			name = Release;
		};
		F168450220BCDC6F005294FD /* Debug */ = {
			isa = XCBuildConfiguration;
			baseConfigurationReference = 6E67A0D39BB13810F3D8AD04 /* Pods-Photo App.debug.xcconfig */;
			buildSettings = {
				ASSETCATALOG_COMPILER_APPICON_NAME = AppIcon;
				CODE_SIGN_STYLE = Automatic;
				INFOPLIST_FILE = "Photo App/Info.plist";
				LD_RUNPATH_SEARCH_PATHS = (
					"$(inherited)",
					"@executable_path/Frameworks",
				);
				PRODUCT_BUNDLE_IDENTIFIER = "newsplash.com.Photo-App";
				PRODUCT_NAME = "$(TARGET_NAME)";
				SWIFT_VERSION = 3.0;
				TARGETED_DEVICE_FAMILY = "1,2";
			};
			name = Debug;
		};
		F168450320BCDC6F005294FD /* Release */ = {
			isa = XCBuildConfiguration;
			baseConfigurationReference = 860F74D1C84321F4B3CB33EB /* Pods-Photo App.release.xcconfig */;
			buildSettings = {
				ASSETCATALOG_COMPILER_APPICON_NAME = AppIcon;
				CODE_SIGN_STYLE = Automatic;
				INFOPLIST_FILE = "Photo App/Info.plist";
				LD_RUNPATH_SEARCH_PATHS = (
					"$(inherited)",
					"@executable_path/Frameworks",
				);
				PRODUCT_BUNDLE_IDENTIFIER = "newsplash.com.Photo-App";
				PRODUCT_NAME = "$(TARGET_NAME)";
				SWIFT_VERSION = 3.0;
				TARGETED_DEVICE_FAMILY = "1,2";
			};
			name = Release;
		};
/* End XCBuildConfiguration section */

/* Begin XCConfigurationList section */
		F16844EA20BCDC6B005294FD /* Build configuration list for PBXProject "Photo App" */ = {
			isa = XCConfigurationList;
			buildConfigurations = (
				F16844FF20BCDC6F005294FD /* Debug */,
				F168450020BCDC6F005294FD /* Release */,
			);
			defaultConfigurationIsVisible = 0;
			defaultConfigurationName = Release;
		};
		F168450120BCDC6F005294FD /* Build configuration list for PBXNativeTarget "Photo App" */ = {
			isa = XCConfigurationList;
			buildConfigurations = (
				F168450220BCDC6F005294FD /* Debug */,
				F168450320BCDC6F005294FD /* Release */,
			);
			defaultConfigurationIsVisible = 0;
			defaultConfigurationName = Release;
		};
/* End XCConfigurationList section */
	};
	rootObject = F16844E720BCDC6B005294FD /* Project object */;
}
